// !$*UTF8*$!
{
	archiveVersion = 1;
	classes = {
	};
	objectVersion = 55;
	objects = {

/* Begin PBXBuildFile section */
		5D5E1F2027E3CDD3002B3C68 /* ImagePicker.swift in Sources */ = {isa = PBXBuildFile; fileRef = 5D5E1F1F27E3CDCF002B3C68 /* ImagePicker.swift */; };
		5D5E1F2327E43F64002B3C68 /* FirebaseModel.swift in Sources */ = {isa = PBXBuildFile; fileRef = 5D5E1F2227E43F63002B3C68 /* FirebaseModel.swift */; };
		5D5E1F2527E443E4002B3C68 /* PortadaViewModel.swift in Sources */ = {isa = PBXBuildFile; fileRef = 5D5E1F2427E443E4002B3C68 /* PortadaViewModel.swift */; };
		5D5E1F2727E4454D002B3C68 /* ImagenFirebase.swift in Sources */ = {isa = PBXBuildFile; fileRef = 5D5E1F2627E4454C002B3C68 /* ImagenFirebase.swift */; };
		5D5E1F2927E4481E002B3C68 /* ListView.swift in Sources */ = {isa = PBXBuildFile; fileRef = 5D5E1F2827E4481E002B3C68 /* ListView.swift */; };
		5D5E1F2B27E45966002B3C68 /* EditarView.swift in Sources */ = {isa = PBXBuildFile; fileRef = 5D5E1F2A27E45966002B3C68 /* EditarView.swift */; };
		5DB9F05327E1AC07004E8FE8 /* IphoneIpadFirebaseApp.swift in Sources */ = {isa = PBXBuildFile; fileRef = 5DB9F05227E1AC07004E8FE8 /* IphoneIpadFirebaseApp.swift */; };
		5DB9F05527E1AC07004E8FE8 /* ContentView.swift in Sources */ = {isa = PBXBuildFile; fileRef = 5DB9F05427E1AC07004E8FE8 /* ContentView.swift */; };
		5DB9F05A27E1AC11004E8FE8 /* Preview Assets.xcassets in Resources */ = {isa = PBXBuildFile; fileRef = 5DB9F05927E1AC11004E8FE8 /* Preview Assets.xcassets */; };
		5DB9F06527E1AD78004E8FE8 /* Home.swift in Sources */ = {isa = PBXBuildFile; fileRef = 5DB9F06427E1AD78004E8FE8 /* Home.swift */; };
		5DB9F06827E1ADFE004E8FE8 /* NavBar.swift in Sources */ = {isa = PBXBuildFile; fileRef = 5DB9F06727E1ADFE004E8FE8 /* NavBar.swift */; };
		5DB9F06A27E1AE5C004E8FE8 /* CardView.swift in Sources */ = {isa = PBXBuildFile; fileRef = 5DB9F06927E1AE5C004E8FE8 /* CardView.swift */; };
		5DB9F06C27E1AEF9004E8FE8 /* ButtonView.swift in Sources */ = {isa = PBXBuildFile; fileRef = 5DB9F06B27E1AEF9004E8FE8 /* ButtonView.swift */; };
		5DB9F08D27E24AD7004E8FE8 /* Assets.xcassets in Resources */ = {isa = PBXBuildFile; fileRef = 5DB9F08C27E24AD7004E8FE8 /* Assets.xcassets */; };
		5DB9F0AC27E260C6004E8FE8 /* FirebaseAuth in Frameworks */ = {isa = PBXBuildFile; productRef = 5DB9F0AB27E260C6004E8FE8 /* FirebaseAuth */; };
		5DB9F0AE27E260C6004E8FE8 /* FirebaseFirestore in Frameworks */ = {isa = PBXBuildFile; productRef = 5DB9F0AD27E260C6004E8FE8 /* FirebaseFirestore */; };
		5DB9F0B027E260C6004E8FE8 /* FirebaseStorage in Frameworks */ = {isa = PBXBuildFile; productRef = 5DB9F0AF27E260C6004E8FE8 /* FirebaseStorage */; };
		5DB9F0E027E26BDC004E8FE8 /* FirebaseViewModel.swift in Sources */ = {isa = PBXBuildFile; fileRef = 5DB9F0DF27E26BDC004E8FE8 /* FirebaseViewModel.swift */; };
		5DB9F0E227E26C3E004E8FE8 /* AppDelegate.swift in Sources */ = {isa = PBXBuildFile; fileRef = 5DB9F0E127E26C3E004E8FE8 /* AppDelegate.swift */; };
		5DB9F0E427E26FE2004E8FE8 /* Login.swift in Sources */ = {isa = PBXBuildFile; fileRef = 5DB9F0E327E26FE2004E8FE8 /* Login.swift */; };
		5DB9F0E627E29C81004E8FE8 /* GoogleService-Info.plist in Resources */ = {isa = PBXBuildFile; fileRef = 5DB9F0E527E29C80004E8FE8 /* GoogleService-Info.plist */; };
		5DB9F0E827E3B29F004E8FE8 /* AddView.swift in Sources */ = {isa = PBXBuildFile; fileRef = 5DB9F0E727E3B29B004E8FE8 /* AddView.swift */; };
/* End PBXBuildFile section */

/* Begin PBXFileReference section */
		5D5E1F1F27E3CDCF002B3C68 /* ImagePicker.swift */ = {isa = PBXFileReference; lastKnownFileType = sourcecode.swift; path = ImagePicker.swift; sourceTree = "<group>"; };
		5D5E1F2227E43F63002B3C68 /* FirebaseModel.swift */ = {isa = PBXFileReference; lastKnownFileType = sourcecode.swift; path = FirebaseModel.swift; sourceTree = "<group>"; };
		5D5E1F2427E443E4002B3C68 /* PortadaViewModel.swift */ = {isa = PBXFileReference; lastKnownFileType = sourcecode.swift; path = PortadaViewModel.swift; sourceTree = "<group>"; };
		5D5E1F2627E4454C002B3C68 /* ImagenFirebase.swift */ = {isa = PBXFileReference; lastKnownFileType = sourcecode.swift; path = ImagenFirebase.swift; sourceTree = "<group>"; };
		5D5E1F2827E4481E002B3C68 /* ListView.swift */ = {isa = PBXFileReference; lastKnownFileType = sourcecode.swift; path = ListView.swift; sourceTree = "<group>"; };
		5D5E1F2A27E45966002B3C68 /* EditarView.swift */ = {isa = PBXFileReference; lastKnownFileType = sourcecode.swift; path = EditarView.swift; sourceTree = "<group>"; };
		5DB9F04F27E1AC07004E8FE8 /* IphoneIpadFirebase.app */ = {isa = PBXFileReference; explicitFileType = wrapper.application; includeInIndex = 0; path = IphoneIpadFirebase.app; sourceTree = BUILT_PRODUCTS_DIR; };
		5DB9F05227E1AC07004E8FE8 /* IphoneIpadFirebaseApp.swift */ = {isa = PBXFileReference; lastKnownFileType = sourcecode.swift; path = IphoneIpadFirebaseApp.swift; sourceTree = "<group>"; };
		5DB9F05427E1AC07004E8FE8 /* ContentView.swift */ = {isa = PBXFileReference; lastKnownFileType = sourcecode.swift; path = ContentView.swift; sourceTree = "<group>"; };
		5DB9F05927E1AC11004E8FE8 /* Preview Assets.xcassets */ = {isa = PBXFileReference; lastKnownFileType = folder.assetcatalog; path = "Preview Assets.xcassets"; sourceTree = "<group>"; };
		5DB9F06427E1AD78004E8FE8 /* Home.swift */ = {isa = PBXFileReference; lastKnownFileType = sourcecode.swift; path = Home.swift; sourceTree = "<group>"; };
		5DB9F06727E1ADFE004E8FE8 /* NavBar.swift */ = {isa = PBXFileReference; lastKnownFileType = sourcecode.swift; path = NavBar.swift; sourceTree = "<group>"; };
		5DB9F06927E1AE5C004E8FE8 /* CardView.swift */ = {isa = PBXFileReference; lastKnownFileType = sourcecode.swift; path = CardView.swift; sourceTree = "<group>"; };
		5DB9F06B27E1AEF9004E8FE8 /* ButtonView.swift */ = {isa = PBXFileReference; lastKnownFileType = sourcecode.swift; path = ButtonView.swift; sourceTree = "<group>"; };
		5DB9F08C27E24AD7004E8FE8 /* Assets.xcassets */ = {isa = PBXFileReference; lastKnownFileType = folder.assetcatalog; path = Assets.xcassets; sourceTree = "<group>"; };
		5DB9F0DF27E26BDC004E8FE8 /* FirebaseViewModel.swift */ = {isa = PBXFileReference; lastKnownFileType = sourcecode.swift; path = FirebaseViewModel.swift; sourceTree = "<group>"; };
		5DB9F0E127E26C3E004E8FE8 /* AppDelegate.swift */ = {isa = PBXFileReference; lastKnownFileType = sourcecode.swift; path = AppDelegate.swift; sourceTree = "<group>"; };
		5DB9F0E327E26FE2004E8FE8 /* Login.swift */ = {isa = PBXFileReference; lastKnownFileType = sourcecode.swift; path = Login.swift; sourceTree = "<group>"; };
		5DB9F0E527E29C80004E8FE8 /* GoogleService-Info.plist */ = {isa = PBXFileReference; fileEncoding = 4; lastKnownFileType = text.plist.xml; path = "GoogleService-Info.plist"; sourceTree = "<group>"; };
		5DB9F0E727E3B29B004E8FE8 /* AddView.swift */ = {isa = PBXFileReference; lastKnownFileType = sourcecode.swift; path = AddView.swift; sourceTree = "<group>"; };
/* End PBXFileReference section */

/* Begin PBXFrameworksBuildPhase section */
		5DB9F04C27E1AC07004E8FE8 /* Frameworks */ = {
			isa = PBXFrameworksBuildPhase;
			buildActionMask = 2147483647;
			files = (
				5DB9F0AC27E260C6004E8FE8 /* FirebaseAuth in Frameworks */,
				5DB9F0AE27E260C6004E8FE8 /* FirebaseFirestore in Frameworks */,
				5DB9F0B027E260C6004E8FE8 /* FirebaseStorage in Frameworks */,
			);
			runOnlyForDeploymentPostprocessing = 0;
		};
/* End PBXFrameworksBuildPhase section */

/* Begin PBXGroup section */
		5D5E1F2127E43ED3002B3C68 /* Model */ = {
			isa = PBXGroup;
			children = (
				5D5E1F2227E43F63002B3C68 /* FirebaseModel.swift */,
			);
			path = Model;
			sourceTree = "<group>";
		};
		5DB9F04627E1AC07004E8FE8 = {
			isa = PBXGroup;
			children = (
				5DB9F05127E1AC07004E8FE8 /* IphoneIpadFirebase */,
				5DB9F05027E1AC07004E8FE8 /* Products */,
			);
			sourceTree = "<group>";
		};
		5DB9F05027E1AC07004E8FE8 /* Products */ = {
			isa = PBXGroup;
			children = (
				5DB9F04F27E1AC07004E8FE8 /* IphoneIpadFirebase.app */,
			);
			name = Products;
			sourceTree = "<group>";
		};
		5DB9F05127E1AC07004E8FE8 /* IphoneIpadFirebase */ = {
			isa = PBXGroup;
			children = (
				5D5E1F2127E43ED3002B3C68 /* Model */,
				5DB9F0DE27E26B93004E8FE8 /* ViewModel */,
				5DB9F06027E1ACA9004E8FE8 /* View */,
				5DB9F05227E1AC07004E8FE8 /* IphoneIpadFirebaseApp.swift */,
				5DB9F05427E1AC07004E8FE8 /* ContentView.swift */,
				5DB9F08C27E24AD7004E8FE8 /* Assets.xcassets */,
				5DB9F0E127E26C3E004E8FE8 /* AppDelegate.swift */,
				5DB9F0E527E29C80004E8FE8 /* GoogleService-Info.plist */,
				5DB9F05827E1AC11004E8FE8 /* Preview Content */,
			);
			path = IphoneIpadFirebase;
			sourceTree = "<group>";
		};
		5DB9F05827E1AC11004E8FE8 /* Preview Content */ = {
			isa = PBXGroup;
			children = (
				5DB9F05927E1AC11004E8FE8 /* Preview Assets.xcassets */,
			);
			path = "Preview Content";
			sourceTree = "<group>";
		};
		5DB9F06027E1ACA9004E8FE8 /* View */ = {
			isa = PBXGroup;
			children = (
				5DB9F06627E1ADC4004E8FE8 /* Elementos */,
				5DB9F06427E1AD78004E8FE8 /* Home.swift */,
				5DB9F0E327E26FE2004E8FE8 /* Login.swift */,
				5DB9F0E727E3B29B004E8FE8 /* AddView.swift */,
				5D5E1F2A27E45966002B3C68 /* EditarView.swift */,
			);
			path = View;
			sourceTree = "<group>";
		};
		5DB9F06627E1ADC4004E8FE8 /* Elementos */ = {
			isa = PBXGroup;
			children = (
				5DB9F06727E1ADFE004E8FE8 /* NavBar.swift */,
				5DB9F06927E1AE5C004E8FE8 /* CardView.swift */,
				5DB9F06B27E1AEF9004E8FE8 /* ButtonView.swift */,
				5D5E1F1F27E3CDCF002B3C68 /* ImagePicker.swift */,
				5D5E1F2627E4454C002B3C68 /* ImagenFirebase.swift */,
				5D5E1F2827E4481E002B3C68 /* ListView.swift */,
			);
			path = Elementos;
			sourceTree = "<group>";
		};
		5DB9F0DE27E26B93004E8FE8 /* ViewModel */ = {
			isa = PBXGroup;
			children = (
				5DB9F0DF27E26BDC004E8FE8 /* FirebaseViewModel.swift */,
				5D5E1F2427E443E4002B3C68 /* PortadaViewModel.swift */,
			);
			path = ViewModel;
			sourceTree = "<group>";
		};
/* End PBXGroup section */

/* Begin PBXNativeTarget section */
		5DB9F04E27E1AC07004E8FE8 /* IphoneIpadFirebase */ = {
			isa = PBXNativeTarget;
			buildConfigurationList = 5DB9F05D27E1AC11004E8FE8 /* Build configuration list for PBXNativeTarget "IphoneIpadFirebase" */;
			buildPhases = (
				5DB9F04B27E1AC07004E8FE8 /* Sources */,
				5DB9F04C27E1AC07004E8FE8 /* Frameworks */,
				5DB9F04D27E1AC07004E8FE8 /* Resources */,
			);
			buildRules = (
			);
			dependencies = (
			);
			name = IphoneIpadFirebase;
			packageProductDependencies = (
				5DB9F0AB27E260C6004E8FE8 /* FirebaseAuth */,
				5DB9F0AD27E260C6004E8FE8 /* FirebaseFirestore */,
				5DB9F0AF27E260C6004E8FE8 /* FirebaseStorage */,
			);
			productName = IphoneIpadFirebase;
			productReference = 5DB9F04F27E1AC07004E8FE8 /* IphoneIpadFirebase.app */;
			productType = "com.apple.product-type.application";
		};
/* End PBXNativeTarget section */

/* Begin PBXProject section */
		5DB9F04727E1AC07004E8FE8 /* Project object */ = {
			isa = PBXProject;
			attributes = {
				BuildIndependentTargetsInParallel = 1;
				LastSwiftUpdateCheck = 1320;
				LastUpgradeCheck = 1320;
				TargetAttributes = {
					5DB9F04E27E1AC07004E8FE8 = {
						CreatedOnToolsVersion = 13.2.1;
					};
				};
			};
			buildConfigurationList = 5DB9F04A27E1AC07004E8FE8 /* Build configuration list for PBXProject "IphoneIpadFirebase" */;
			compatibilityVersion = "Xcode 13.0";
			developmentRegion = en;
			hasScannedForEncodings = 0;
			knownRegions = (
				en,
				Base,
			);
			mainGroup = 5DB9F04627E1AC07004E8FE8;
			packageReferences = (
				5DB9F0AA27E260C5004E8FE8 /* XCRemoteSwiftPackageReference "firebase-ios-sdk" */,
			);
			productRefGroup = 5DB9F05027E1AC07004E8FE8 /* Products */;
			projectDirPath = "";
			projectRoot = "";
			targets = (
				5DB9F04E27E1AC07004E8FE8 /* IphoneIpadFirebase */,
			);
		};
/* End PBXProject section */

/* Begin PBXResourcesBuildPhase section */
		5DB9F04D27E1AC07004E8FE8 /* Resources */ = {
			isa = PBXResourcesBuildPhase;
			buildActionMask = 2147483647;
			files = (
				5DB9F08D27E24AD7004E8FE8 /* Assets.xcassets in Resources */,
				5DB9F05A27E1AC11004E8FE8 /* Preview Assets.xcassets in Resources */,
				5DB9F0E627E29C81004E8FE8 /* GoogleService-Info.plist in Resources */,
			);
			runOnlyForDeploymentPostprocessing = 0;
		};
/* End PBXResourcesBuildPhase section */

/* Begin PBXSourcesBuildPhase section */
		5DB9F04B27E1AC07004E8FE8 /* Sources */ = {
			isa = PBXSourcesBuildPhase;
			buildActionMask = 2147483647;
			files = (
				5D5E1F2327E43F64002B3C68 /* FirebaseModel.swift in Sources */,
				5DB9F0E227E26C3E004E8FE8 /* AppDelegate.swift in Sources */,
				5D5E1F2927E4481E002B3C68 /* ListView.swift in Sources */,
				5DB9F05527E1AC07004E8FE8 /* ContentView.swift in Sources */,
				5DB9F0E827E3B29F004E8FE8 /* AddView.swift in Sources */,
				5DB9F06827E1ADFE004E8FE8 /* NavBar.swift in Sources */,
				5D5E1F2527E443E4002B3C68 /* PortadaViewModel.swift in Sources */,
				5DB9F06C27E1AEF9004E8FE8 /* ButtonView.swift in Sources */,
				5DB9F06527E1AD78004E8FE8 /* Home.swift in Sources */,
				5DB9F05327E1AC07004E8FE8 /* IphoneIpadFirebaseApp.swift in Sources */,
				5D5E1F2727E4454D002B3C68 /* ImagenFirebase.swift in Sources */,
				5D5E1F2027E3CDD3002B3C68 /* ImagePicker.swift in Sources */,
				5DB9F0E427E26FE2004E8FE8 /* Login.swift in Sources */,
				5DB9F06A27E1AE5C004E8FE8 /* CardView.swift in Sources */,
				5DB9F0E027E26BDC004E8FE8 /* FirebaseViewModel.swift in Sources */,
				5D5E1F2B27E45966002B3C68 /* EditarView.swift in Sources */,
			);
			runOnlyForDeploymentPostprocessing = 0;
		};
/* End PBXSourcesBuildPhase section */

/* Begin XCBuildConfiguration section */
		5DB9F05B27E1AC11004E8FE8 /* Debug */ = {
			isa = XCBuildConfiguration;
			buildSettings = {
				ALWAYS_SEARCH_USER_PATHS = NO;
				CLANG_ANALYZER_NONNULL = YES;
				CLANG_ANALYZER_NUMBER_OBJECT_CONVERSION = YES_AGGRESSIVE;
				CLANG_CXX_LANGUAGE_STANDARD = "gnu++17";
				CLANG_CXX_LIBRARY = "libc++";
				CLANG_ENABLE_MODULES = YES;
				CLANG_ENABLE_OBJC_ARC = YES;
				CLANG_ENABLE_OBJC_WEAK = YES;
				CLANG_WARN_BLOCK_CAPTURE_AUTORELEASING = YES;
				CLANG_WARN_BOOL_CONVERSION = YES;
				CLANG_WARN_COMMA = YES;
				CLANG_WARN_CONSTANT_CONVERSION = YES;
				CLANG_WARN_DEPRECATED_OBJC_IMPLEMENTATIONS = YES;
				CLANG_WARN_DIRECT_OBJC_ISA_USAGE = YES_ERROR;
				CLANG_WARN_DOCUMENTATION_COMMENTS = YES;
				CLANG_WARN_EMPTY_BODY = YES;
				CLANG_WARN_ENUM_CONVERSION = YES;
				CLANG_WARN_INFINITE_RECURSION = YES;
				CLANG_WARN_INT_CONVERSION = YES;
				CLANG_WARN_NON_LITERAL_NULL_CONVERSION = YES;
				CLANG_WARN_OBJC_IMPLICIT_RETAIN_SELF = YES;
				CLANG_WARN_OBJC_LITERAL_CONVERSION = YES;
				CLANG_WARN_OBJC_ROOT_CLASS = YES_ERROR;
				CLANG_WARN_QUOTED_INCLUDE_IN_FRAMEWORK_HEADER = YES;
				CLANG_WARN_RANGE_LOOP_ANALYSIS = YES;
				CLANG_WARN_STRICT_PROTOTYPES = YES;
				CLANG_WARN_SUSPICIOUS_MOVE = YES;
				CLANG_WARN_UNGUARDED_AVAILABILITY = YES_AGGRESSIVE;
				CLANG_WARN_UNREACHABLE_CODE = YES;
				CLANG_WARN__DUPLICATE_METHOD_MATCH = YES;
				COPY_PHASE_STRIP = NO;
				DEBUG_INFORMATION_FORMAT = dwarf;
				ENABLE_STRICT_OBJC_MSGSEND = YES;
				ENABLE_TESTABILITY = YES;
				GCC_C_LANGUAGE_STANDARD = gnu11;
				GCC_DYNAMIC_NO_PIC = NO;
				GCC_NO_COMMON_BLOCKS = YES;
				GCC_OPTIMIZATION_LEVEL = 0;
				GCC_PREPROCESSOR_DEFINITIONS = (
					"DEBUG=1",
					"$(inherited)",
				);
				GCC_WARN_64_TO_32_BIT_CONVERSION = YES;
				GCC_WARN_ABOUT_RETURN_TYPE = YES_ERROR;
				GCC_WARN_UNDECLARED_SELECTOR = YES;
				GCC_WARN_UNINITIALIZED_AUTOS = YES_AGGRESSIVE;
				GCC_WARN_UNUSED_FUNCTION = YES;
				GCC_WARN_UNUSED_VARIABLE = YES;
				IPHONEOS_DEPLOYMENT_TARGET = 15.2;
				MTL_ENABLE_DEBUG_INFO = INCLUDE_SOURCE;
				MTL_FAST_MATH = YES;
				ONLY_ACTIVE_ARCH = YES;
				SDKROOT = iphoneos;
				SWIFT_ACTIVE_COMPILATION_CONDITIONS = DEBUG;
				SWIFT_OPTIMIZATION_LEVEL = "-Onone";
			};
			name = Debug;
		};
		5DB9F05C27E1AC11004E8FE8 /* Release */ = {
			isa = XCBuildConfiguration;
			buildSettings = {
				ALWAYS_SEARCH_USER_PATHS = NO;
				CLANG_ANALYZER_NONNULL = YES;
				CLANG_ANALYZER_NUMBER_OBJECT_CONVERSION = YES_AGGRESSIVE;
				CLANG_CXX_LANGUAGE_STANDARD = "gnu++17";
				CLANG_CXX_LIBRARY = "libc++";
				CLANG_ENABLE_MODULES = YES;
				CLANG_ENABLE_OBJC_ARC = YES;
				CLANG_ENABLE_OBJC_WEAK = YES;
				CLANG_WARN_BLOCK_CAPTURE_AUTORELEASING = YES;
				CLANG_WARN_BOOL_CONVERSION = YES;
				CLANG_WARN_COMMA = YES;
				CLANG_WARN_CONSTANT_CONVERSION = YES;
				CLANG_WARN_DEPRECATED_OBJC_IMPLEMENTATIONS = YES;
				CLANG_WARN_DIRECT_OBJC_ISA_USAGE = YES_ERROR;
				CLANG_WARN_DOCUMENTATION_COMMENTS = YES;
				CLANG_WARN_EMPTY_BODY = YES;
				CLANG_WARN_ENUM_CONVERSION = YES;
				CLANG_WARN_INFINITE_RECURSION = YES;
				CLANG_WARN_INT_CONVERSION = YES;
				CLANG_WARN_NON_LITERAL_NULL_CONVERSION = YES;
				CLANG_WARN_OBJC_IMPLICIT_RETAIN_SELF = YES;
				CLANG_WARN_OBJC_LITERAL_CONVERSION = YES;
				CLANG_WARN_OBJC_ROOT_CLASS = YES_ERROR;
				CLANG_WARN_QUOTED_INCLUDE_IN_FRAMEWORK_HEADER = YES;
				CLANG_WARN_RANGE_LOOP_ANALYSIS = YES;
				CLANG_WARN_STRICT_PROTOTYPES = YES;
				CLANG_WARN_SUSPICIOUS_MOVE = YES;
				CLANG_WARN_UNGUARDED_AVAILABILITY = YES_AGGRESSIVE;
				CLANG_WARN_UNREACHABLE_CODE = YES;
				CLANG_WARN__DUPLICATE_METHOD_MATCH = YES;
				COPY_PHASE_STRIP = NO;
				DEBUG_INFORMATION_FORMAT = "dwarf-with-dsym";
				ENABLE_NS_ASSERTIONS = NO;
				ENABLE_STRICT_OBJC_MSGSEND = YES;
				GCC_C_LANGUAGE_STANDARD = gnu11;
				GCC_NO_COMMON_BLOCKS = YES;
				GCC_WARN_64_TO_32_BIT_CONVERSION = YES;
				GCC_WARN_ABOUT_RETURN_TYPE = YES_ERROR;
				GCC_WARN_UNDECLARED_SELECTOR = YES;
				GCC_WARN_UNINITIALIZED_AUTOS = YES_AGGRESSIVE;
				GCC_WARN_UNUSED_FUNCTION = YES;
				GCC_WARN_UNUSED_VARIABLE = YES;
				IPHONEOS_DEPLOYMENT_TARGET = 15.2;
				MTL_ENABLE_DEBUG_INFO = NO;
				MTL_FAST_MATH = YES;
				SDKROOT = iphoneos;
				SWIFT_COMPILATION_MODE = wholemodule;
				SWIFT_OPTIMIZATION_LEVEL = "-O";
				VALIDATE_PRODUCT = YES;
			};
			name = Release;
		};
		5DB9F05E27E1AC11004E8FE8 /* Debug */ = {
			isa = XCBuildConfiguration;
			buildSettings = {
				ASSETCATALOG_COMPILER_APPICON_NAME = AppIcon;
				ASSETCATALOG_COMPILER_GLOBAL_ACCENT_COLOR_NAME = AccentColor;
				CODE_SIGN_STYLE = Automatic;
				CURRENT_PROJECT_VERSION = 1;
				DEVELOPMENT_ASSET_PATHS = "\"IphoneIpadFirebase/Preview Content\"";
				DEVELOPMENT_TEAM = 5VJM82DDZ9;
				ENABLE_PREVIEWS = YES;
				GENERATE_INFOPLIST_FILE = YES;
				INFOPLIST_KEY_NSCameraUsageDescription = "Usar la camara";
				INFOPLIST_KEY_NSPhotoLibraryUsageDescription = "Usar la libreria";
				INFOPLIST_KEY_UIApplicationSceneManifest_Generation = YES;
				INFOPLIST_KEY_UIApplicationSupportsIndirectInputEvents = YES;
				INFOPLIST_KEY_UILaunchScreen_Generation = YES;
				INFOPLIST_KEY_UISupportedInterfaceOrientations_iPad = "UIInterfaceOrientationPortrait UIInterfaceOrientationPortraitUpsideDown UIInterfaceOrientationLandscapeLeft UIInterfaceOrientationLandscapeRight";
				INFOPLIST_KEY_UISupportedInterfaceOrientations_iPhone = "UIInterfaceOrientationPortrait UIInterfaceOrientationLandscapeLeft UIInterfaceOrientationLandscapeRight";
				LD_RUNPATH_SEARCH_PATHS = (
					"$(inherited)",
					"@executable_path/Frameworks",
				);
				MARKETING_VERSION = 1.0;
				PRODUCT_BUNDLE_IDENTIFIER = com.kai.IphoneIpadFirebase;
				PRODUCT_NAME = "$(TARGET_NAME)";
				SWIFT_EMIT_LOC_STRINGS = YES;
				SWIFT_VERSION = 5.0;
				TARGETED_DEVICE_FAMILY = "1,2";
			};
			name = Debug;
		};
		5DB9F05F27E1AC11004E8FE8 /* Release */ = {
			isa = XCBuildConfiguration;
			buildSettings = {
				ASSETCATALOG_COMPILER_APPICON_NAME = AppIcon;
				ASSETCATALOG_COMPILER_GLOBAL_ACCENT_COLOR_NAME = AccentColor;
				CODE_SIGN_STYLE = Automatic;
				CURRENT_PROJECT_VERSION = 1;
				DEVELOPMENT_ASSET_PATHS = "\"IphoneIpadFirebase/Preview Content\"";
				DEVELOPMENT_TEAM = 5VJM82DDZ9;
				ENABLE_PREVIEWS = YES;
				GENERATE_INFOPLIST_FILE = YES;
				INFOPLIST_KEY_NSCameraUsageDescription = "Usar la camara";
				INFOPLIST_KEY_NSPhotoLibraryUsageDescription = "Usar la libreria";
				INFOPLIST_KEY_UIApplicationSceneManifest_Generation = YES;
				INFOPLIST_KEY_UIApplicationSupportsIndirectInputEvents = YES;
				INFOPLIST_KEY_UILaunchScreen_Generation = YES;
				INFOPLIST_KEY_UISupportedInterfaceOrientations_iPad = "UIInterfaceOrientationPortrait UIInterfaceOrientationPortraitUpsideDown UIInterfaceOrientationLandscapeLeft UIInterfaceOrientationLandscapeRight";
				INFOPLIST_KEY_UISupportedInterfaceOrientations_iPhone = "UIInterfaceOrientationPortrait UIInterfaceOrientationLandscapeLeft UIInterfaceOrientationLandscapeRight";
				LD_RUNPATH_SEARCH_PATHS = (
					"$(inherited)",
					"@executable_path/Frameworks",
				);
				MARKETING_VERSION = 1.0;
				PRODUCT_BUNDLE_IDENTIFIER = com.kai.IphoneIpadFirebase;
				PRODUCT_NAME = "$(TARGET_NAME)";
				SWIFT_EMIT_LOC_STRINGS = YES;
				SWIFT_VERSION = 5.0;
				TARGETED_DEVICE_FAMILY = "1,2";
			};
			name = Release;
		};
/* End XCBuildConfiguration section */

/* Begin XCConfigurationList section */
		5DB9F04A27E1AC07004E8FE8 /* Build configuration list for PBXProject "IphoneIpadFirebase" */ = {
			isa = XCConfigurationList;
			buildConfigurations = (
				5DB9F05B27E1AC11004E8FE8 /* Debug */,
				5DB9F05C27E1AC11004E8FE8 /* Release */,
			);
			defaultConfigurationIsVisible = 0;
			defaultConfigurationName = Release;
		};
		5DB9F05D27E1AC11004E8FE8 /* Build configuration list for PBXNativeTarget "IphoneIpadFirebase" */ = {
			isa = XCConfigurationList;
			buildConfigurations = (
				5DB9F05E27E1AC11004E8FE8 /* Debug */,
				5DB9F05F27E1AC11004E8FE8 /* Release */,
			);
			defaultConfigurationIsVisible = 0;
			defaultConfigurationName = Release;
		};
/* End XCConfigurationList section */

/* Begin XCRemoteSwiftPackageReference section */
		5DB9F0AA27E260C5004E8FE8 /* XCRemoteSwiftPackageReference "firebase-ios-sdk" */ = {
			isa = XCRemoteSwiftPackageReference;
			repositoryURL = "https://github.com/firebase/firebase-ios-sdk";
			requirement = {
				kind = upToNextMajorVersion;
				minimumVersion = 8.0.0;
			};
		};
/* End XCRemoteSwiftPackageReference section */

/* Begin XCSwiftPackageProductDependency section */
		5DB9F0AB27E260C6004E8FE8 /* FirebaseAuth */ = {
			isa = XCSwiftPackageProductDependency;
			package = 5DB9F0AA27E260C5004E8FE8 /* XCRemoteSwiftPackageReference "firebase-ios-sdk" */;
			productName = FirebaseAuth;
		};
		5DB9F0AD27E260C6004E8FE8 /* FirebaseFirestore */ = {
			isa = XCSwiftPackageProductDependency;
			package = 5DB9F0AA27E260C5004E8FE8 /* XCRemoteSwiftPackageReference "firebase-ios-sdk" */;
			productName = FirebaseFirestore;
		};
		5DB9F0AF27E260C6004E8FE8 /* FirebaseStorage */ = {
			isa = XCSwiftPackageProductDependency;
			package = 5DB9F0AA27E260C5004E8FE8 /* XCRemoteSwiftPackageReference "firebase-ios-sdk" */;
			productName = FirebaseStorage;
		};
/* End XCSwiftPackageProductDependency section */
	};
	rootObject = 5DB9F04727E1AC07004E8FE8 /* Project object */;
}
